// !$*UTF8*$!
{
	archiveVersion = 1;
	classes = {
	};
	objectVersion = 56;
	objects = {

/* Begin PBXBuildFile section */
		28A35D13236CA2DBDDF15A8C /* Pods_Exercises.framework in Frameworks */ = {isa = PBXBuildFile; fileRef = 9FCE88FE40843D19956FD93C /* Pods_Exercises.framework */; };
		551549942B5C3B2C005AF503 /* AppDelegate.swift in Sources */ = {isa = PBXBuildFile; fileRef = 551549932B5C3B2C005AF503 /* AppDelegate.swift */; };
		551549962B5C3B2C005AF503 /* SceneDelegate.swift in Sources */ = {isa = PBXBuildFile; fileRef = 551549952B5C3B2C005AF503 /* SceneDelegate.swift */; };
		5515499D2B5C3B2E005AF503 /* Assets.xcassets in Resources */ = {isa = PBXBuildFile; fileRef = 5515499C2B5C3B2E005AF503 /* Assets.xcassets */; };
		551549A02B5C3B2E005AF503 /* LaunchScreen.storyboard in Resources */ = {isa = PBXBuildFile; fileRef = 5515499E2B5C3B2E005AF503 /* LaunchScreen.storyboard */; };
		551549AB2B5C425F005AF503 /* ExercisesView.swift in Sources */ = {isa = PBXBuildFile; fileRef = 551549AA2B5C425F005AF503 /* ExercisesView.swift */; };
		551549AE2B5C5A32005AF503 /* ExerciseItem.swift in Sources */ = {isa = PBXBuildFile; fileRef = 551549AD2B5C5A32005AF503 /* ExerciseItem.swift */; };
		551549B12B5C5AB2005AF503 /* ExercisesViewModel.swift in Sources */ = {isa = PBXBuildFile; fileRef = 551549B02B5C5AB2005AF503 /* ExercisesViewModel.swift */; };
		551549B42B5C65CE005AF503 /* ExerciseService.swift in Sources */ = {isa = PBXBuildFile; fileRef = 551549B32B5C65CE005AF503 /* ExerciseService.swift */; };
		551549B82B5C8C0D005AF503 /* Data+Parsing.swift in Sources */ = {isa = PBXBuildFile; fileRef = 551549B72B5C8C0D005AF503 /* Data+Parsing.swift */; };
		551549BF2B5DC330005AF503 /* ExerciseDetailViewController.swift in Sources */ = {isa = PBXBuildFile; fileRef = 551549BE2B5DC330005AF503 /* ExerciseDetailViewController.swift */; };
/* End PBXBuildFile section */

/* Begin PBXFileReference section */
		29CB8C63B961BA6B5CD9A781 /* Pods-Exercises.release.xcconfig */ = {isa = PBXFileReference; includeInIndex = 1; lastKnownFileType = text.xcconfig; name = "Pods-Exercises.release.xcconfig"; path = "Target Support Files/Pods-Exercises/Pods-Exercises.release.xcconfig"; sourceTree = "<group>"; };
		551549902B5C3B2C005AF503 /* Exercises.app */ = {isa = PBXFileReference; explicitFileType = wrapper.application; includeInIndex = 0; path = Exercises.app; sourceTree = BUILT_PRODUCTS_DIR; };
		551549932B5C3B2C005AF503 /* AppDelegate.swift */ = {isa = PBXFileReference; lastKnownFileType = sourcecode.swift; path = AppDelegate.swift; sourceTree = "<group>"; };
		551549952B5C3B2C005AF503 /* SceneDelegate.swift */ = {isa = PBXFileReference; lastKnownFileType = sourcecode.swift; path = SceneDelegate.swift; sourceTree = "<group>"; };
		5515499C2B5C3B2E005AF503 /* Assets.xcassets */ = {isa = PBXFileReference; lastKnownFileType = folder.assetcatalog; path = Assets.xcassets; sourceTree = "<group>"; };
		5515499F2B5C3B2E005AF503 /* Base */ = {isa = PBXFileReference; lastKnownFileType = file.storyboard; name = Base; path = Base.lproj/LaunchScreen.storyboard; sourceTree = "<group>"; };
		551549A12B5C3B2E005AF503 /* Info.plist */ = {isa = PBXFileReference; lastKnownFileType = text.plist.xml; path = Info.plist; sourceTree = "<group>"; };
		551549AA2B5C425F005AF503 /* ExercisesView.swift */ = {isa = PBXFileReference; lastKnownFileType = sourcecode.swift; path = ExercisesView.swift; sourceTree = "<group>"; };
		551549AD2B5C5A32005AF503 /* ExerciseItem.swift */ = {isa = PBXFileReference; lastKnownFileType = sourcecode.swift; path = ExerciseItem.swift; sourceTree = "<group>"; };
		551549B02B5C5AB2005AF503 /* ExercisesViewModel.swift */ = {isa = PBXFileReference; lastKnownFileType = sourcecode.swift; path = ExercisesViewModel.swift; sourceTree = "<group>"; };
		551549B32B5C65CE005AF503 /* ExerciseService.swift */ = {isa = PBXFileReference; lastKnownFileType = sourcecode.swift; path = ExerciseService.swift; sourceTree = "<group>"; };
		551549B72B5C8C0D005AF503 /* Data+Parsing.swift */ = {isa = PBXFileReference; lastKnownFileType = sourcecode.swift; path = "Data+Parsing.swift"; sourceTree = "<group>"; };
		551549BE2B5DC330005AF503 /* ExerciseDetailViewController.swift */ = {isa = PBXFileReference; lastKnownFileType = sourcecode.swift; path = ExerciseDetailViewController.swift; sourceTree = "<group>"; };
		9E8162C47D350EED5C6644DE /* Pods-Exercises.debug.xcconfig */ = {isa = PBXFileReference; includeInIndex = 1; lastKnownFileType = text.xcconfig; name = "Pods-Exercises.debug.xcconfig"; path = "Target Support Files/Pods-Exercises/Pods-Exercises.debug.xcconfig"; sourceTree = "<group>"; };
		9FCE88FE40843D19956FD93C /* Pods_Exercises.framework */ = {isa = PBXFileReference; explicitFileType = wrapper.framework; includeInIndex = 0; path = Pods_Exercises.framework; sourceTree = BUILT_PRODUCTS_DIR; };
/* End PBXFileReference section */

/* Begin PBXFrameworksBuildPhase section */
		5515498D2B5C3B2C005AF503 /* Frameworks */ = {
			isa = PBXFrameworksBuildPhase;
			buildActionMask = 2147483647;
			files = (
				28A35D13236CA2DBDDF15A8C /* Pods_Exercises.framework in Frameworks */,
			);
			runOnlyForDeploymentPostprocessing = 0;
		};
/* End PBXFrameworksBuildPhase section */

/* Begin PBXGroup section */
		551549872B5C3B2C005AF503 = {
			isa = PBXGroup;
			children = (
				551549922B5C3B2C005AF503 /* Exercises */,
				551549912B5C3B2C005AF503 /* Products */,
				A666AE0EBE1D2BBC1C4D42A8 /* Pods */,
				B05C3A2F6B111CDE2409B5A9 /* Frameworks */,
			);
			sourceTree = "<group>";
		};
		551549912B5C3B2C005AF503 /* Products */ = {
			isa = PBXGroup;
			children = (
				551549902B5C3B2C005AF503 /* Exercises.app */,
			);
			name = Products;
			sourceTree = "<group>";
		};
		551549922B5C3B2C005AF503 /* Exercises */ = {
			isa = PBXGroup;
			children = (
				551549B52B5C8BDB005AF503 /* Common */,
				551549A92B5C4100005AF503 /* ExercisesScreen */,
				551549BA2B5DB98F005AF503 /* ExerciseDetail */,
				551549932B5C3B2C005AF503 /* AppDelegate.swift */,
				551549952B5C3B2C005AF503 /* SceneDelegate.swift */,
				5515499C2B5C3B2E005AF503 /* Assets.xcassets */,
				5515499E2B5C3B2E005AF503 /* LaunchScreen.storyboard */,
				551549A12B5C3B2E005AF503 /* Info.plist */,
			);
			path = Exercises;
			sourceTree = "<group>";
		};
		551549A92B5C4100005AF503 /* ExercisesScreen */ = {
			isa = PBXGroup;
			children = (
				551549B22B5C5AC0005AF503 /* View */,
				551549AF2B5C5A9B005AF503 /* ViewModel */,
				551549AC2B5C5A1F005AF503 /* Model */,
			);
			path = ExercisesScreen;
			sourceTree = "<group>";
		};
		551549AC2B5C5A1F005AF503 /* Model */ = {
			isa = PBXGroup;
			children = (
				551549AD2B5C5A32005AF503 /* ExerciseItem.swift */,
				551549B32B5C65CE005AF503 /* ExerciseService.swift */,
			);
			path = Model;
			sourceTree = "<group>";
		};
		551549AF2B5C5A9B005AF503 /* ViewModel */ = {
			isa = PBXGroup;
			children = (
				551549B02B5C5AB2005AF503 /* ExercisesViewModel.swift */,
			);
			path = ViewModel;
			sourceTree = "<group>";
		};
		551549B22B5C5AC0005AF503 /* View */ = {
			isa = PBXGroup;
			children = (
				551549AA2B5C425F005AF503 /* ExercisesView.swift */,
			);
			path = View;
			sourceTree = "<group>";
		};
		551549B52B5C8BDB005AF503 /* Common */ = {
			isa = PBXGroup;
			children = (
				551549B62B5C8BED005AF503 /* Extensions */,
			);
			path = Common;
			sourceTree = "<group>";
		};
		551549B62B5C8BED005AF503 /* Extensions */ = {
			isa = PBXGroup;
			children = (
				551549B72B5C8C0D005AF503 /* Data+Parsing.swift */,
			);
			path = Extensions;
			sourceTree = "<group>";
		};
		551549BA2B5DB98F005AF503 /* ExerciseDetail */ = {
			isa = PBXGroup;
			children = (
				551549BB2B5DB9A5005AF503 /* View */,
				551549BC2B5DB9AC005AF503 /* ViewModel */,
				551549BD2B5DB9C4005AF503 /* Model */,
			);
			path = ExerciseDetail;
			sourceTree = "<group>";
		};
		551549BB2B5DB9A5005AF503 /* View */ = {
			isa = PBXGroup;
			children = (
				551549BE2B5DC330005AF503 /* ExerciseDetailViewController.swift */,
			);
			path = View;
			sourceTree = "<group>";
		};
		551549BC2B5DB9AC005AF503 /* ViewModel */ = {
			isa = PBXGroup;
			children = (
			);
			path = ViewModel;
			sourceTree = "<group>";
		};
		551549BD2B5DB9C4005AF503 /* Model */ = {
			isa = PBXGroup;
			children = (
			);
			path = Model;
			sourceTree = "<group>";
		};
		A666AE0EBE1D2BBC1C4D42A8 /* Pods */ = {
			isa = PBXGroup;
			children = (
				9E8162C47D350EED5C6644DE /* Pods-Exercises.debug.xcconfig */,
				29CB8C63B961BA6B5CD9A781 /* Pods-Exercises.release.xcconfig */,
			);
			path = Pods;
			sourceTree = "<group>";
		};
		B05C3A2F6B111CDE2409B5A9 /* Frameworks */ = {
			isa = PBXGroup;
			children = (
				9FCE88FE40843D19956FD93C /* Pods_Exercises.framework */,
			);
			name = Frameworks;
			sourceTree = "<group>";
		};
/* End PBXGroup section */

/* Begin PBXNativeTarget section */
		5515498F2B5C3B2C005AF503 /* Exercises */ = {
			isa = PBXNativeTarget;
			buildConfigurationList = 551549A42B5C3B2E005AF503 /* Build configuration list for PBXNativeTarget "Exercises" */;
			buildPhases = (
				A938CD768465CB439792C310 /* [CP] Check Pods Manifest.lock */,
				5515498C2B5C3B2C005AF503 /* Sources */,
				5515498D2B5C3B2C005AF503 /* Frameworks */,
				5515498E2B5C3B2C005AF503 /* Resources */,
				74FF83A4F345010C6EA47EFF /* [CP] Embed Pods Frameworks */,
			);
			buildRules = (
			);
			dependencies = (
			);
			name = Exercises;
			productName = Exercises;
			productReference = 551549902B5C3B2C005AF503 /* Exercises.app */;
			productType = "com.apple.product-type.application";
		};
/* End PBXNativeTarget section */

/* Begin PBXProject section */
		551549882B5C3B2C005AF503 /* Project object */ = {
			isa = PBXProject;
			attributes = {
				BuildIndependentTargetsInParallel = 1;
				LastSwiftUpdateCheck = 1520;
				LastUpgradeCheck = 1520;
				TargetAttributes = {
					5515498F2B5C3B2C005AF503 = {
						CreatedOnToolsVersion = 15.2;
					};
				};
			};
			buildConfigurationList = 5515498B2B5C3B2C005AF503 /* Build configuration list for PBXProject "Exercises" */;
			compatibilityVersion = "Xcode 14.0";
			developmentRegion = en;
			hasScannedForEncodings = 0;
			knownRegions = (
				en,
				Base,
			);
			mainGroup = 551549872B5C3B2C005AF503;
			productRefGroup = 551549912B5C3B2C005AF503 /* Products */;
			projectDirPath = "";
			projectRoot = "";
			targets = (
				5515498F2B5C3B2C005AF503 /* Exercises */,
			);
		};
/* End PBXProject section */

/* Begin PBXResourcesBuildPhase section */
		5515498E2B5C3B2C005AF503 /* Resources */ = {
			isa = PBXResourcesBuildPhase;
			buildActionMask = 2147483647;
			files = (
				551549A02B5C3B2E005AF503 /* LaunchScreen.storyboard in Resources */,
				5515499D2B5C3B2E005AF503 /* Assets.xcassets in Resources */,
			);
			runOnlyForDeploymentPostprocessing = 0;
		};
/* End PBXResourcesBuildPhase section */

/* Begin PBXShellScriptBuildPhase section */
		74FF83A4F345010C6EA47EFF /* [CP] Embed Pods Frameworks */ = {
			isa = PBXShellScriptBuildPhase;
			buildActionMask = 2147483647;
			files = (
			);
			inputFileListPaths = (
				"${PODS_ROOT}/Target Support Files/Pods-Exercises/Pods-Exercises-frameworks-${CONFIGURATION}-input-files.xcfilelist",
			);
			name = "[CP] Embed Pods Frameworks";
			outputFileListPaths = (
				"${PODS_ROOT}/Target Support Files/Pods-Exercises/Pods-Exercises-frameworks-${CONFIGURATION}-output-files.xcfilelist",
			);
			runOnlyForDeploymentPostprocessing = 0;
			shellPath = /bin/sh;
			shellScript = "\"${PODS_ROOT}/Target Support Files/Pods-Exercises/Pods-Exercises-frameworks.sh\"\n";
			showEnvVarsInLog = 0;
		};
		A938CD768465CB439792C310 /* [CP] Check Pods Manifest.lock */ = {
			isa = PBXShellScriptBuildPhase;
			buildActionMask = 2147483647;
			files = (
			);
			inputFileListPaths = (
			);
			inputPaths = (
				"${PODS_PODFILE_DIR_PATH}/Podfile.lock",
				"${PODS_ROOT}/Manifest.lock",
			);
			name = "[CP] Check Pods Manifest.lock";
			outputFileListPaths = (
			);
			outputPaths = (
				"$(DERIVED_FILE_DIR)/Pods-Exercises-checkManifestLockResult.txt",
			);
			runOnlyForDeploymentPostprocessing = 0;
			shellPath = /bin/sh;
			shellScript = "diff \"${PODS_PODFILE_DIR_PATH}/Podfile.lock\" \"${PODS_ROOT}/Manifest.lock\" > /dev/null\nif [ $? != 0 ] ; then\n    # print error to STDERR\n    echo \"error: The sandbox is not in sync with the Podfile.lock. Run 'pod install' or update your CocoaPods installation.\" >&2\n    exit 1\nfi\n# This output is used by Xcode 'outputs' to avoid re-running this script phase.\necho \"SUCCESS\" > \"${SCRIPT_OUTPUT_FILE_0}\"\n";
			showEnvVarsInLog = 0;
		};
/* End PBXShellScriptBuildPhase section */

/* Begin PBXSourcesBuildPhase section */
		5515498C2B5C3B2C005AF503 /* Sources */ = {
			isa = PBXSourcesBuildPhase;
			buildActionMask = 2147483647;
			files = (
				551549AE2B5C5A32005AF503 /* ExerciseItem.swift in Sources */,
				551549B42B5C65CE005AF503 /* ExerciseService.swift in Sources */,
				551549AB2B5C425F005AF503 /* ExercisesView.swift in Sources */,
				551549BF2B5DC330005AF503 /* ExerciseDetailViewController.swift in Sources */,
				551549B82B5C8C0D005AF503 /* Data+Parsing.swift in Sources */,
				551549B12B5C5AB2005AF503 /* ExercisesViewModel.swift in Sources */,
				551549942B5C3B2C005AF503 /* AppDelegate.swift in Sources */,
				551549962B5C3B2C005AF503 /* SceneDelegate.swift in Sources */,
			);
			runOnlyForDeploymentPostprocessing = 0;
		};
/* End PBXSourcesBuildPhase section */

/* Begin PBXVariantGroup section */
		5515499E2B5C3B2E005AF503 /* LaunchScreen.storyboard */ = {
			isa = PBXVariantGroup;
			children = (
				5515499F2B5C3B2E005AF503 /* Base */,
			);
			name = LaunchScreen.storyboard;
			sourceTree = "<group>";
		};
/* End PBXVariantGroup section */

/* Begin XCBuildConfiguration section */
		551549A22B5C3B2E005AF503 /* Debug */ = {
			isa = XCBuildConfiguration;
			buildSettings = {
				ALWAYS_SEARCH_USER_PATHS = NO;
				ASSETCATALOG_COMPILER_GENERATE_SWIFT_ASSET_SYMBOL_EXTENSIONS = YES;
				CLANG_ANALYZER_NONNULL = YES;
				CLANG_ANALYZER_NUMBER_OBJECT_CONVERSION = YES_AGGRESSIVE;
				CLANG_CXX_LANGUAGE_STANDARD = "gnu++20";
				CLANG_ENABLE_MODULES = YES;
				CLANG_ENABLE_OBJC_ARC = YES;
				CLANG_ENABLE_OBJC_WEAK = YES;
				CLANG_WARN_BLOCK_CAPTURE_AUTORELEASING = YES;
				CLANG_WARN_BOOL_CONVERSION = YES;
				CLANG_WARN_COMMA = YES;
				CLANG_WARN_CONSTANT_CONVERSION = YES;
				CLANG_WARN_DEPRECATED_OBJC_IMPLEMENTATIONS = YES;
				CLANG_WARN_DIRECT_OBJC_ISA_USAGE = YES_ERROR;
				CLANG_WARN_DOCUMENTATION_COMMENTS = YES;
				CLANG_WARN_EMPTY_BODY = YES;
				CLANG_WARN_ENUM_CONVERSION = YES;
				CLANG_WARN_INFINITE_RECURSION = YES;
				CLANG_WARN_INT_CONVERSION = YES;
				CLANG_WARN_NON_LITERAL_NULL_CONVERSION = YES;
				CLANG_WARN_OBJC_IMPLICIT_RETAIN_SELF = YES;
				CLANG_WARN_OBJC_LITERAL_CONVERSION = YES;
				CLANG_WARN_OBJC_ROOT_CLASS = YES_ERROR;
				CLANG_WARN_QUOTED_INCLUDE_IN_FRAMEWORK_HEADER = YES;
				CLANG_WARN_RANGE_LOOP_ANALYSIS = YES;
				CLANG_WARN_STRICT_PROTOTYPES = YES;
				CLANG_WARN_SUSPICIOUS_MOVE = YES;
				CLANG_WARN_UNGUARDED_AVAILABILITY = YES_AGGRESSIVE;
				CLANG_WARN_UNREACHABLE_CODE = YES;
				CLANG_WARN__DUPLICATE_METHOD_MATCH = YES;
				COPY_PHASE_STRIP = NO;
				DEBUG_INFORMATION_FORMAT = dwarf;
				ENABLE_STRICT_OBJC_MSGSEND = YES;
				ENABLE_TESTABILITY = YES;
				ENABLE_USER_SCRIPT_SANDBOXING = YES;
				GCC_C_LANGUAGE_STANDARD = gnu17;
				GCC_DYNAMIC_NO_PIC = NO;
				GCC_NO_COMMON_BLOCKS = YES;
				GCC_OPTIMIZATION_LEVEL = 0;
				GCC_PREPROCESSOR_DEFINITIONS = (
					"DEBUG=1",
					"$(inherited)",
				);
				GCC_WARN_64_TO_32_BIT_CONVERSION = YES;
				GCC_WARN_ABOUT_RETURN_TYPE = YES_ERROR;
				GCC_WARN_UNDECLARED_SELECTOR = YES;
				GCC_WARN_UNINITIALIZED_AUTOS = YES_AGGRESSIVE;
				GCC_WARN_UNUSED_FUNCTION = YES;
				GCC_WARN_UNUSED_VARIABLE = YES;
				IPHONEOS_DEPLOYMENT_TARGET = 17.2;
				LOCALIZATION_PREFERS_STRING_CATALOGS = YES;
				MTL_ENABLE_DEBUG_INFO = INCLUDE_SOURCE;
				MTL_FAST_MATH = YES;
				ONLY_ACTIVE_ARCH = YES;
				SDKROOT = iphoneos;
				SWIFT_ACTIVE_COMPILATION_CONDITIONS = "DEBUG $(inherited)";
				SWIFT_OPTIMIZATION_LEVEL = "-Onone";
			};
			name = Debug;
		};
		551549A32B5C3B2E005AF503 /* Release */ = {
			isa = XCBuildConfiguration;
			buildSettings = {
				ALWAYS_SEARCH_USER_PATHS = NO;
				ASSETCATALOG_COMPILER_GENERATE_SWIFT_ASSET_SYMBOL_EXTENSIONS = YES;
				CLANG_ANALYZER_NONNULL = YES;
				CLANG_ANALYZER_NUMBER_OBJECT_CONVERSION = YES_AGGRESSIVE;
				CLANG_CXX_LANGUAGE_STANDARD = "gnu++20";
				CLANG_ENABLE_MODULES = YES;
				CLANG_ENABLE_OBJC_ARC = YES;
				CLANG_ENABLE_OBJC_WEAK = YES;
				CLANG_WARN_BLOCK_CAPTURE_AUTORELEASING = YES;
				CLANG_WARN_BOOL_CONVERSION = YES;
				CLANG_WARN_COMMA = YES;
				CLANG_WARN_CONSTANT_CONVERSION = YES;
				CLANG_WARN_DEPRECATED_OBJC_IMPLEMENTATIONS = YES;
				CLANG_WARN_DIRECT_OBJC_ISA_USAGE = YES_ERROR;
				CLANG_WARN_DOCUMENTATION_COMMENTS = YES;
				CLANG_WARN_EMPTY_BODY = YES;
				CLANG_WARN_ENUM_CONVERSION = YES;
				CLANG_WARN_INFINITE_RECURSION = YES;
				CLANG_WARN_INT_CONVERSION = YES;
				CLANG_WARN_NON_LITERAL_NULL_CONVERSION = YES;
				CLANG_WARN_OBJC_IMPLICIT_RETAIN_SELF = YES;
				CLANG_WARN_OBJC_LITERAL_CONVERSION = YES;
				CLANG_WARN_OBJC_ROOT_CLASS = YES_ERROR;
				CLANG_WARN_QUOTED_INCLUDE_IN_FRAMEWORK_HEADER = YES;
				CLANG_WARN_RANGE_LOOP_ANALYSIS = YES;
				CLANG_WARN_STRICT_PROTOTYPES = YES;
				CLANG_WARN_SUSPICIOUS_MOVE = YES;
				CLANG_WARN_UNGUARDED_AVAILABILITY = YES_AGGRESSIVE;
				CLANG_WARN_UNREACHABLE_CODE = YES;
				CLANG_WARN__DUPLICATE_METHOD_MATCH = YES;
				COPY_PHASE_STRIP = NO;
				DEBUG_INFORMATION_FORMAT = "dwarf-with-dsym";
				ENABLE_NS_ASSERTIONS = NO;
				ENABLE_STRICT_OBJC_MSGSEND = YES;
				ENABLE_USER_SCRIPT_SANDBOXING = YES;
				GCC_C_LANGUAGE_STANDARD = gnu17;
				GCC_NO_COMMON_BLOCKS = YES;
				GCC_WARN_64_TO_32_BIT_CONVERSION = YES;
				GCC_WARN_ABOUT_RETURN_TYPE = YES_ERROR;
				GCC_WARN_UNDECLARED_SELECTOR = YES;
				GCC_WARN_UNINITIALIZED_AUTOS = YES_AGGRESSIVE;
				GCC_WARN_UNUSED_FUNCTION = YES;
				GCC_WARN_UNUSED_VARIABLE = YES;
				IPHONEOS_DEPLOYMENT_TARGET = 17.2;
				LOCALIZATION_PREFERS_STRING_CATALOGS = YES;
				MTL_ENABLE_DEBUG_INFO = NO;
				MTL_FAST_MATH = YES;
				SDKROOT = iphoneos;
				SWIFT_COMPILATION_MODE = wholemodule;
				VALIDATE_PRODUCT = YES;
			};
			name = Release;
		};
		551549A52B5C3B2E005AF503 /* Debug */ = {
			isa = XCBuildConfiguration;
			baseConfigurationReference = 9E8162C47D350EED5C6644DE /* Pods-Exercises.debug.xcconfig */;
			buildSettings = {
				ASSETCATALOG_COMPILER_APPICON_NAME = AppIcon;
				ASSETCATALOG_COMPILER_GLOBAL_ACCENT_COLOR_NAME = AccentColor;
				CODE_SIGN_STYLE = Automatic;
				CURRENT_PROJECT_VERSION = 1;
				DEVELOPMENT_TEAM = 6UKGANHQB6;
				ENABLE_USER_SCRIPT_SANDBOXING = NO;
				GENERATE_INFOPLIST_FILE = YES;
				INFOPLIST_FILE = Exercises/Info.plist;
				INFOPLIST_KEY_UIApplicationSupportsIndirectInputEvents = YES;
				INFOPLIST_KEY_UILaunchStoryboardName = LaunchScreen;
				INFOPLIST_KEY_UISupportedInterfaceOrientations_iPad = "UIInterfaceOrientationPortrait UIInterfaceOrientationPortraitUpsideDown UIInterfaceOrientationLandscapeLeft UIInterfaceOrientationLandscapeRight";
				INFOPLIST_KEY_UISupportedInterfaceOrientations_iPhone = "UIInterfaceOrientationPortrait UIInterfaceOrientationLandscapeLeft UIInterfaceOrientationLandscapeRight";
				IPHONEOS_DEPLOYMENT_TARGET = 15.0;
				LD_RUNPATH_SEARCH_PATHS = (
					"$(inherited)",
					"@executable_path/Frameworks",
				);
				MARKETING_VERSION = 1.0;
				PRODUCT_BUNDLE_IDENTIFIER = com.anlebedev.Exercises;
				PRODUCT_NAME = "$(TARGET_NAME)";
				SWIFT_EMIT_LOC_STRINGS = YES;
				SWIFT_VERSION = 5.0;
				TARGETED_DEVICE_FAMILY = "1,2";
			};
			name = Debug;
		};
		551549A62B5C3B2E005AF503 /* Release */ = {
			isa = XCBuildConfiguration;
			baseConfigurationReference = 29CB8C63B961BA6B5CD9A781 /* Pods-Exercises.release.xcconfig */;
			buildSettings = {
				ASSETCATALOG_COMPILER_APPICON_NAME = AppIcon;
				ASSETCATALOG_COMPILER_GLOBAL_ACCENT_COLOR_NAME = AccentColor;
				CODE_SIGN_STYLE = Automatic;
				CURRENT_PROJECT_VERSION = 1;
				DEVELOPMENT_TEAM = 6UKGANHQB6;
				ENABLE_USER_SCRIPT_SANDBOXING = NO;
				GENERATE_INFOPLIST_FILE = YES;
				INFOPLIST_FILE = Exercises/Info.plist;
				INFOPLIST_KEY_UIApplicationSupportsIndirectInputEvents = YES;
				INFOPLIST_KEY_UILaunchStoryboardName = LaunchScreen;
				INFOPLIST_KEY_UISupportedInterfaceOrientations_iPad = "UIInterfaceOrientationPortrait UIInterfaceOrientationPortraitUpsideDown UIInterfaceOrientationLandscapeLeft UIInterfaceOrientationLandscapeRight";
				INFOPLIST_KEY_UISupportedInterfaceOrientations_iPhone = "UIInterfaceOrientationPortrait UIInterfaceOrientationLandscapeLeft UIInterfaceOrientationLandscapeRight";
				IPHONEOS_DEPLOYMENT_TARGET = 15.0;
				LD_RUNPATH_SEARCH_PATHS = (
					"$(inherited)",
					"@executable_path/Frameworks",
				);
				MARKETING_VERSION = 1.0;
				PRODUCT_BUNDLE_IDENTIFIER = com.anlebedev.Exercises;
				PRODUCT_NAME = "$(TARGET_NAME)";
				SWIFT_EMIT_LOC_STRINGS = YES;
				SWIFT_VERSION = 5.0;
				TARGETED_DEVICE_FAMILY = "1,2";
			};
			name = Release;
		};
/* End XCBuildConfiguration section */

/* Begin XCConfigurationList section */
		5515498B2B5C3B2C005AF503 /* Build configuration list for PBXProject "Exercises" */ = {
			isa = XCConfigurationList;
			buildConfigurations = (
				551549A22B5C3B2E005AF503 /* Debug */,
				551549A32B5C3B2E005AF503 /* Release */,
			);
			defaultConfigurationIsVisible = 0;
			defaultConfigurationName = Release;
		};
		551549A42B5C3B2E005AF503 /* Build configuration list for PBXNativeTarget "Exercises" */ = {
			isa = XCConfigurationList;
			buildConfigurations = (
				551549A52B5C3B2E005AF503 /* Debug */,
				551549A62B5C3B2E005AF503 /* Release */,
			);
			defaultConfigurationIsVisible = 0;
			defaultConfigurationName = Release;
		};
/* End XCConfigurationList section */
	};
	rootObject = 551549882B5C3B2C005AF503 /* Project object */;
}
